// !$*UTF8*$!
{
	archiveVersion = 1;
	classes = {
	};
	objectVersion = 77;
	objects = {

/* Begin PBXBuildFile section */
		5A12F9E72F50297400E313C7 /* MLXAudio in Frameworks */ = {isa = PBXBuildFile; productRef = 5A12F9E62F50297400E313C7 /* MLXAudio */; };
		5A12F9E92F50297400E313C7 /* MLXAudioCore in Frameworks */ = {isa = PBXBuildFile; productRef = 5A12F9E82F50297400E313C7 /* MLXAudioCore */; };
		5A12F9EB2F50297400E313C7 /* MLXAudioSTT in Frameworks */ = {isa = PBXBuildFile; productRef = 5A12F9EA2F50297400E313C7 /* MLXAudioSTT */; };
		5A9233152F24FE4400DC619E /* GRDB in Frameworks */ = {isa = PBXBuildFile; productRef = 5A9232412F24CD3500DC619E /* GRDB */; };
		5A9233162F24FE4400DC619E /* FluidAudio in Frameworks */ = {isa = PBXBuildFile; productRef = 5A9232512F24CD3500DC619E /* FluidAudio */; };
		5A9233602F250A0000DC619E /* AnyLanguageModel in Frameworks */ = {isa = PBXBuildFile; productRef = 5A9233612F250A0000DC619E /* AnyLanguageModel */; };
		8F9B73804E030D64A6527FE0 /* Cocoa.framework in Frameworks */ = {isa = PBXBuildFile; fileRef = 338BBE031AFE27E739EBE10B /* Cocoa.framework */; };
/* End PBXBuildFile section */

/* Begin PBXContainerItemProxy section */
		E7F50DA62433AA06D0733570 /* PBXContainerItemProxy */ = {
			isa = PBXContainerItemProxy;
			containerPortal = 5A9232022F24CD3300DC619E /* Project object */;
			proxyType = 1;
			remoteGlobalIDString = 5A9232092F24CD3300DC619E;
			remoteInfo = VoxNotch;
		};
/* End PBXContainerItemProxy section */

/* Begin PBXFileReference section */
		338BBE031AFE27E739EBE10B /* Cocoa.framework */ = {isa = PBXFileReference; lastKnownFileType = wrapper.framework; name = Cocoa.framework; path = Platforms/MacOSX.platform/Developer/SDKs/MacOSX15.0.sdk/System/Library/Frameworks/Cocoa.framework; sourceTree = DEVELOPER_DIR; };
		530FC2B97091431E26EF0157 /* VoxNotchTests.xctest */ = {isa = PBXFileReference; explicitFileType = wrapper.cfbundle; includeInIndex = 0; path = VoxNotchTests.xctest; sourceTree = BUILT_PRODUCTS_DIR; };
		5A92320A2F24CD3300DC619E /* VoxNotch.app */ = {isa = PBXFileReference; explicitFileType = wrapper.application; includeInIndex = 0; path = VoxNotch.app; sourceTree = BUILT_PRODUCTS_DIR; };
/* End PBXFileReference section */

/* Begin PBXFileSystemSynchronizedRootGroup section */
		5A92320C2F24CD3300DC619E /* VoxNotch */ = {
			isa = PBXFileSystemSynchronizedRootGroup;
			path = VoxNotch;
			sourceTree = "<group>";
		};
		AA3F2FBE00000001C750F068 /* VoxNotchTests */ = {
			isa = PBXFileSystemSynchronizedRootGroup;
			path = VoxNotchTests;
			sourceTree = "<group>";
		};
/* End PBXFileSystemSynchronizedRootGroup section */

/* Begin PBXFrameworksBuildPhase section */
		5A9232072F24CD3300DC619E /* Frameworks */ = {
			isa = PBXFrameworksBuildPhase;
			buildActionMask = 2147483647;
			files = (
				5A12F9E92F50297400E313C7 /* MLXAudioCore in Frameworks */,
				5A12F9EB2F50297400E313C7 /* MLXAudioSTT in Frameworks */,
				5A9233152F24FE4400DC619E /* GRDB in Frameworks */,
				5A9233162F24FE4400DC619E /* FluidAudio in Frameworks */,
				5A9233602F250A0000DC619E /* AnyLanguageModel in Frameworks */,
				5A12F9E72F50297400E313C7 /* MLXAudio in Frameworks */,
			);
			runOnlyForDeploymentPostprocessing = 0;
		};
		64B304AD8624E37ECFE9789B /* Frameworks */ = {
			isa = PBXFrameworksBuildPhase;
			buildActionMask = 2147483647;
			files = (
				8F9B73804E030D64A6527FE0 /* Cocoa.framework in Frameworks */,
			);
			runOnlyForDeploymentPostprocessing = 0;
		};
/* End PBXFrameworksBuildPhase section */

/* Begin PBXGroup section */
		5A9232012F24CD3300DC619E = {
			isa = PBXGroup;
			children = (
				5A92320C2F24CD3300DC619E /* VoxNotch */,
				AA3F2FBE00000001C750F068 /* VoxNotchTests */,
				5A92320B2F24CD3300DC619E /* Products */,
				CBAEFE7A5A72B56885670FEB /* Frameworks */,
			);
			sourceTree = "<group>";
		};
		5A92320B2F24CD3300DC619E /* Products */ = {
			isa = PBXGroup;
			children = (
				5A92320A2F24CD3300DC619E /* VoxNotch.app */,
				530FC2B97091431E26EF0157 /* VoxNotchTests.xctest */,
			);
			name = Products;
			sourceTree = "<group>";
		};
		CBAEFE7A5A72B56885670FEB /* Frameworks */ = {
			isa = PBXGroup;
			children = (
				E54BA5B16291A05BF02DAFBB /* OS X */,
			);
			name = Frameworks;
			sourceTree = "<group>";
		};
		E54BA5B16291A05BF02DAFBB /* OS X */ = {
			isa = PBXGroup;
			children = (
				338BBE031AFE27E739EBE10B /* Cocoa.framework */,
			);
			name = "OS X";
			sourceTree = "<group>";
		};
/* End PBXGroup section */

/* Begin PBXNativeTarget section */
		5A9232092F24CD3300DC619E /* VoxNotch */ = {
			isa = PBXNativeTarget;
			buildConfigurationList = 5A92322B2F24CD3500DC619E /* Build configuration list for PBXNativeTarget "VoxNotch" */;
			buildPhases = (
				5A9232062F24CD3300DC619E /* Sources */,
				5A9232072F24CD3300DC619E /* Frameworks */,
				5A9232082F24CD3300DC619E /* Resources */,
			);
			buildRules = (
			);
			dependencies = (
			);
			fileSystemSynchronizedGroups = (
				5A92320C2F24CD3300DC619E /* VoxNotch */,
			);
			name = VoxNotch;
			packageProductDependencies = (
				5A9232412F24CD3500DC619E /* GRDB */,
				5A9232512F24CD3500DC619E /* FluidAudio */,
				5A9233612F250A0000DC619E /* AnyLanguageModel */,
				5A12F9E62F50297400E313C7 /* MLXAudio */,
				5A12F9E82F50297400E313C7 /* MLXAudioCore */,
				5A12F9EA2F50297400E313C7 /* MLXAudioSTT */,
			);
			productName = VoxNotch;
			productReference = 5A92320A2F24CD3300DC619E /* VoxNotch.app */;
			productType = "com.apple.product-type.application";
		};
		AA3F2FBEE39400E4C750F068 /* VoxNotchTests */ = {
			isa = PBXNativeTarget;
			buildConfigurationList = 238A869F0E80A6D189CA4B89 /* Build configuration list for PBXNativeTarget "VoxNotchTests" */;
			buildPhases = (
				1EFDC03A1525343936CDE5FF /* Sources */,
				64B304AD8624E37ECFE9789B /* Frameworks */,
				4C540E47B4E554DB07ED1F64 /* Resources */,
			);
			buildRules = (
			);
			dependencies = (
				38AECD4A3ED2B481C0C8673E /* PBXTargetDependency */,
			);
			fileSystemSynchronizedGroups = (
				AA3F2FBE00000001C750F068 /* VoxNotchTests */,
			);
			name = VoxNotchTests;
			productName = VoxNotchTests;
			productReference = 530FC2B97091431E26EF0157 /* VoxNotchTests.xctest */;
			productType = "com.apple.product-type.bundle.unit-test";
		};
/* End PBXNativeTarget section */

/* Begin PBXProject section */
		5A9232022F24CD3300DC619E /* Project object */ = {
			isa = PBXProject;
			attributes = {
				BuildIndependentTargetsInParallel = 1;
				LastSwiftUpdateCheck = 2620;
				LastUpgradeCheck = 2640;
				TargetAttributes = {
					5A9232092F24CD3300DC619E = {
						CreatedOnToolsVersion = 26.2;
					};
				};
			};
			buildConfigurationList = 5A9232052F24CD3300DC619E /* Build configuration list for PBXProject "VoxNotch" */;
			developmentRegion = en;
			hasScannedForEncodings = 0;
			knownRegions = (
				en,
				Base,
			);
			mainGroup = 5A9232012F24CD3300DC619E;
			minimizedProjectReferenceProxies = 1;
			packageReferences = (
				5A9232402F24CD3500DC619E /* XCRemoteSwiftPackageReference "GRDB" */,
				5A9232502F24CD3500DC619E /* XCRemoteSwiftPackageReference "FluidAudio" */,
				5A9233622F250A0000DC619E /* XCRemoteSwiftPackageReference "AnyLanguageModel" */,
				5A12F9E52F50297400E313C7 /* XCRemoteSwiftPackageReference "mlx-audio-swift" */,
			);
			preferredProjectObjectVersion = 77;
			productRefGroup = 5A92320B2F24CD3300DC619E /* Products */;
			projectDirPath = "";
			projectRoot = "";
			targets = (
				5A9232092F24CD3300DC619E /* VoxNotch */,
				AA3F2FBEE39400E4C750F068 /* VoxNotchTests */,
			);
		};
/* End PBXProject section */

/* Begin PBXResourcesBuildPhase section */
		4C540E47B4E554DB07ED1F64 /* Resources */ = {
			isa = PBXResourcesBuildPhase;
			buildActionMask = 2147483647;
			files = (
			);
			runOnlyForDeploymentPostprocessing = 0;
		};
		5A9232082F24CD3300DC619E /* Resources */ = {
			isa = PBXResourcesBuildPhase;
			buildActionMask = 2147483647;
			files = (
			);
			runOnlyForDeploymentPostprocessing = 0;
		};
/* End PBXResourcesBuildPhase section */

/* Begin PBXSourcesBuildPhase section */
		1EFDC03A1525343936CDE5FF /* Sources */ = {
			isa = PBXSourcesBuildPhase;
			buildActionMask = 2147483647;
			files = (
			);
			runOnlyForDeploymentPostprocessing = 0;
		};
		5A9232062F24CD3300DC619E /* Sources */ = {
			isa = PBXSourcesBuildPhase;
			buildActionMask = 2147483647;
			files = (
			);
			runOnlyForDeploymentPostprocessing = 0;
		};
/* End PBXSourcesBuildPhase section */

/* Begin PBXTargetDependency section */
		38AECD4A3ED2B481C0C8673E /* PBXTargetDependency */ = {
			isa = PBXTargetDependency;
			name = VoxNotch;
			target = 5A9232092F24CD3300DC619E /* VoxNotch */;
			targetProxy = E7F50DA62433AA06D0733570 /* PBXContainerItemProxy */;
		};
/* End PBXTargetDependency section */

/* Begin XCBuildConfiguration section */
		1BDE83C40954331C22E953C1 /* Debug */ = {
			isa = XCBuildConfiguration;
			buildSettings = {
				BUNDLE_LOADER = "$(TEST_HOST)";
				CODE_SIGN_STYLE = Automatic;
				DEVELOPMENT_TEAM = 7YC9932NHK;
				GENERATE_INFOPLIST_FILE = YES;
				INFOPLIST_KEY_CFBundleDisplayName = VoxNotchTests;
				MACOSX_DEPLOYMENT_TARGET = 15.0;
				PRODUCT_BUNDLE_IDENTIFIER = com.voxnotch.tests;
				PRODUCT_MODULE_NAME = VoxNotchTests;
				PRODUCT_NAME = VoxNotchTests;
				SDKROOT = macosx;
				SWIFT_VERSION = 6.0;
				TEST_HOST = "$(BUILT_PRODUCTS_DIR)/VoxNotch.app/Contents/MacOS/VoxNotch";
			};
			name = Debug;
		};
		3FB19D8E2EA96C04266C7BEA /* Release */ = {
			isa = XCBuildConfiguration;
			buildSettings = {
				BUNDLE_LOADER = "$(TEST_HOST)";
				CODE_SIGN_STYLE = Automatic;
				DEVELOPMENT_TEAM = 7YC9932NHK;
				GENERATE_INFOPLIST_FILE = YES;
				INFOPLIST_KEY_CFBundleDisplayName = VoxNotchTests;
				MACOSX_DEPLOYMENT_TARGET = 15.0;
				PRODUCT_BUNDLE_IDENTIFIER = com.voxnotch.tests;
				PRODUCT_MODULE_NAME = VoxNotchTests;
				PRODUCT_NAME = VoxNotchTests;
				SDKROOT = macosx;
				SWIFT_VERSION = 6.0;
				TEST_HOST = "$(BUILT_PRODUCTS_DIR)/VoxNotch.app/Contents/MacOS/VoxNotch";
			};
			name = Release;
		};
		5A9232292F24CD3500DC619E /* Debug */ = {
			isa = XCBuildConfiguration;
			buildSettings = {
				ALWAYS_SEARCH_USER_PATHS = NO;
				ASSETCATALOG_COMPILER_GENERATE_SWIFT_ASSET_SYMBOL_EXTENSIONS = YES;
				CLANG_ANALYZER_NONNULL = YES;
				CLANG_ANALYZER_NUMBER_OBJECT_CONVERSION = YES_AGGRESSIVE;
				CLANG_CXX_LANGUAGE_STANDARD = "gnu++20";
				CLANG_ENABLE_MODULES = YES;
				CLANG_ENABLE_OBJC_ARC = YES;
				CLANG_ENABLE_OBJC_WEAK = YES;
				CLANG_WARN_BLOCK_CAPTURE_AUTORELEASING = YES;
				CLANG_WARN_BOOL_CONVERSION = YES;
				CLANG_WARN_COMMA = YES;
				CLANG_WARN_CONSTANT_CONVERSION = YES;
				CLANG_WARN_DEPRECATED_OBJC_IMPLEMENTATIONS = YES;
				CLANG_WARN_DIRECT_OBJC_ISA_USAGE = YES_ERROR;
				CLANG_WARN_DOCUMENTATION_COMMENTS = YES;
				CLANG_WARN_EMPTY_BODY = YES;
				CLANG_WARN_ENUM_CONVERSION = YES;
				CLANG_WARN_INFINITE_RECURSION = YES;
				CLANG_WARN_INT_CONVERSION = YES;
				CLANG_WARN_NON_LITERAL_NULL_CONVERSION = YES;
				CLANG_WARN_OBJC_IMPLICIT_RETAIN_SELF = YES;
				CLANG_WARN_OBJC_LITERAL_CONVERSION = YES;
				CLANG_WARN_OBJC_ROOT_CLASS = YES_ERROR;
				CLANG_WARN_QUOTED_INCLUDE_IN_FRAMEWORK_HEADER = YES;
				CLANG_WARN_RANGE_LOOP_ANALYSIS = YES;
				CLANG_WARN_STRICT_PROTOTYPES = YES;
				CLANG_WARN_SUSPICIOUS_MOVE = YES;
				CLANG_WARN_UNGUARDED_AVAILABILITY = YES_AGGRESSIVE;
				CLANG_WARN_UNREACHABLE_CODE = YES;
				CLANG_WARN__DUPLICATE_METHOD_MATCH = YES;
				COPY_PHASE_STRIP = NO;
				DEAD_CODE_STRIPPING = YES;
				DEBUG_INFORMATION_FORMAT = dwarf;
				DEVELOPMENT_TEAM = 7YC9932NHK;
				ENABLE_STRICT_OBJC_MSGSEND = YES;
				ENABLE_TESTABILITY = YES;
				ENABLE_USER_SCRIPT_SANDBOXING = YES;
				GCC_C_LANGUAGE_STANDARD = gnu17;
				GCC_DYNAMIC_NO_PIC = NO;
				GCC_NO_COMMON_BLOCKS = YES;
				GCC_OPTIMIZATION_LEVEL = 0;
				GCC_PREPROCESSOR_DEFINITIONS = (
					"DEBUG=1",
					"$(inherited)",
				);
				GCC_WARN_64_TO_32_BIT_CONVERSION = YES;
				GCC_WARN_ABOUT_RETURN_TYPE = YES_ERROR;
				GCC_WARN_UNDECLARED_SELECTOR = YES;
				GCC_WARN_UNINITIALIZED_AUTOS = YES_AGGRESSIVE;
				GCC_WARN_UNUSED_FUNCTION = YES;
				GCC_WARN_UNUSED_VARIABLE = YES;
				LOCALIZATION_PREFERS_STRING_CATALOGS = YES;
				MACOSX_DEPLOYMENT_TARGET = 15.0;
				MTL_ENABLE_DEBUG_INFO = INCLUDE_SOURCE;
				MTL_FAST_MATH = YES;
				ONLY_ACTIVE_ARCH = YES;
				SDKROOT = macosx;
				STRING_CATALOG_GENERATE_SYMBOLS = YES;
				SWIFT_ACTIVE_COMPILATION_CONDITIONS = "DEBUG $(inherited)";
				SWIFT_OPTIMIZATION_LEVEL = "-Onone";
				SWIFT_STRICT_CONCURRENCY = targeted;
			};
			name = Debug;
		};
		5A92322A2F24CD3500DC619E /* Release */ = {
			isa = XCBuildConfiguration;
			buildSettings = {
				ALWAYS_SEARCH_USER_PATHS = NO;
				ASSETCATALOG_COMPILER_GENERATE_SWIFT_ASSET_SYMBOL_EXTENSIONS = YES;
				CLANG_ANALYZER_NONNULL = YES;
				CLANG_ANALYZER_NUMBER_OBJECT_CONVERSION = YES_AGGRESSIVE;
				CLANG_CXX_LANGUAGE_STANDARD = "gnu++20";
				CLANG_ENABLE_MODULES = YES;
				CLANG_ENABLE_OBJC_ARC = YES;
				CLANG_ENABLE_OBJC_WEAK = YES;
				CLANG_WARN_BLOCK_CAPTURE_AUTORELEASING = YES;
				CLANG_WARN_BOOL_CONVERSION = YES;
				CLANG_WARN_COMMA = YES;
				CLANG_WARN_CONSTANT_CONVERSION = YES;
				CLANG_WARN_DEPRECATED_OBJC_IMPLEMENTATIONS = YES;
				CLANG_WARN_DIRECT_OBJC_ISA_USAGE = YES_ERROR;
				CLANG_WARN_DOCUMENTATION_COMMENTS = YES;
				CLANG_WARN_EMPTY_BODY = YES;
				CLANG_WARN_ENUM_CONVERSION = YES;
				CLANG_WARN_INFINITE_RECURSION = YES;
				CLANG_WARN_INT_CONVERSION = YES;
				CLANG_WARN_NON_LITERAL_NULL_CONVERSION = YES;
				CLANG_WARN_OBJC_IMPLICIT_RETAIN_SELF = YES;
				CLANG_WARN_OBJC_LITERAL_CONVERSION = YES;
				CLANG_WARN_OBJC_ROOT_CLASS = YES_ERROR;
				CLANG_WARN_QUOTED_INCLUDE_IN_FRAMEWORK_HEADER = YES;
				CLANG_WARN_RANGE_LOOP_ANALYSIS = YES;
				CLANG_WARN_STRICT_PROTOTYPES = YES;
				CLANG_WARN_SUSPICIOUS_MOVE = YES;
				CLANG_WARN_UNGUARDED_AVAILABILITY = YES_AGGRESSIVE;
				CLANG_WARN_UNREACHABLE_CODE = YES;
				CLANG_WARN__DUPLICATE_METHOD_MATCH = YES;
				COPY_PHASE_STRIP = NO;
				DEAD_CODE_STRIPPING = YES;
				DEBUG_INFORMATION_FORMAT = "dwarf-with-dsym";
				DEVELOPMENT_TEAM = 7YC9932NHK;
				ENABLE_NS_ASSERTIONS = NO;
				ENABLE_STRICT_OBJC_MSGSEND = YES;
				ENABLE_USER_SCRIPT_SANDBOXING = YES;
				GCC_C_LANGUAGE_STANDARD = gnu17;
				GCC_NO_COMMON_BLOCKS = YES;
				GCC_WARN_64_TO_32_BIT_CONVERSION = YES;
				GCC_WARN_ABOUT_RETURN_TYPE = YES_ERROR;
				GCC_WARN_UNDECLARED_SELECTOR = YES;
				GCC_WARN_UNINITIALIZED_AUTOS = YES_AGGRESSIVE;
				GCC_WARN_UNUSED_FUNCTION = YES;
				GCC_WARN_UNUSED_VARIABLE = YES;
				LOCALIZATION_PREFERS_STRING_CATALOGS = YES;
				MACOSX_DEPLOYMENT_TARGET = 15.0;
				MTL_ENABLE_DEBUG_INFO = NO;
				MTL_FAST_MATH = YES;
				SDKROOT = macosx;
				STRING_CATALOG_GENERATE_SYMBOLS = YES;
				SWIFT_COMPILATION_MODE = wholemodule;
				SWIFT_STRICT_CONCURRENCY = targeted;
			};
			name = Release;
		};
		5A92322C2F24CD3500DC619E /* Debug */ = {
			isa = XCBuildConfiguration;
			buildSettings = {
				ARCHS = arm64;
				ASSETCATALOG_COMPILER_APPICON_NAME = AppIcon;
				ASSETCATALOG_COMPILER_GLOBAL_ACCENT_COLOR_NAME = AccentColor;
				CODE_SIGN_ENTITLEMENTS = VoxNotch/VoxNotch.entitlements;
				CODE_SIGN_STYLE = Automatic;
				CURRENT_PROJECT_VERSION = 5;
				DEAD_CODE_STRIPPING = YES;
				DEVELOPMENT_TEAM = 7YC9932NHK;
				ENABLE_APP_SANDBOX = NO;
				ENABLE_HARDENED_RUNTIME = YES;
				ENABLE_PREVIEWS = YES;
				ENABLE_USER_SELECTED_FILES = readonly;
				GENERATE_INFOPLIST_FILE = YES;
				INFOPLIST_KEY_LSUIElement = YES;
				INFOPLIST_KEY_NSMicrophoneUsageDescription = "VoxNotch needs microphone access for voice dictation";
				LD_RUNPATH_SEARCH_PATHS = "@executable_path/../Frameworks";
				MACOSX_DEPLOYMENT_TARGET = 15.0;
				MARKETING_VERSION = 0.4.0;
				PRODUCT_BUNDLE_IDENTIFIER = com.jingyuanliang.VoxNotch;
				PRODUCT_NAME = "$(TARGET_NAME)";
				SDKROOT = macosx;
				SUPPORTED_PLATFORMS = macosx;
				SWIFT_APPROACHABLE_CONCURRENCY = YES;
				SWIFT_DEFAULT_ACTOR_ISOLATION = MainActor;
				SWIFT_EMIT_LOC_STRINGS = YES;
				SWIFT_UPCOMING_FEATURE_MEMBER_IMPORT_VISIBILITY = YES;
				SWIFT_VERSION = 5.0;
			};
			name = Debug;
		};
		5A92322D2F24CD3500DC619E /* Release */ = {
			isa = XCBuildConfiguration;
			buildSettings = {
				ARCHS = arm64;
				ASSETCATALOG_COMPILER_APPICON_NAME = AppIcon;
				ASSETCATALOG_COMPILER_GLOBAL_ACCENT_COLOR_NAME = AccentColor;
				CODE_SIGN_ENTITLEMENTS = VoxNotch/VoxNotch.entitlements;
				CODE_SIGN_STYLE = Automatic;
				CURRENT_PROJECT_VERSION = 5;
				DEAD_CODE_STRIPPING = YES;
				DEVELOPMENT_TEAM = 7YC9932NHK;
				ENABLE_APP_SANDBOX = NO;
				ENABLE_HARDENED_RUNTIME = YES;
				ENABLE_PREVIEWS = YES;
				ENABLE_USER_SELECTED_FILES = readonly;
				GENERATE_INFOPLIST_FILE = YES;
				INFOPLIST_KEY_LSUIElement = YES;
				INFOPLIST_KEY_NSMicrophoneUsageDescription = "VoxNotch needs microphone access for voice dictation";
				LD_RUNPATH_SEARCH_PATHS = "@executable_path/../Frameworks";
				MACOSX_DEPLOYMENT_TARGET = 15.0;
				MARKETING_VERSION = 0.4.0;
				PRODUCT_BUNDLE_IDENTIFIER = com.jingyuanliang.VoxNotch;
				PRODUCT_NAME = "$(TARGET_NAME)";
				SDKROOT = macosx;
				SUPPORTED_PLATFORMS = macosx;
				SWIFT_APPROACHABLE_CONCURRENCY = YES;
				SWIFT_DEFAULT_ACTOR_ISOLATION = MainActor;
				SWIFT_EMIT_LOC_STRINGS = YES;
				SWIFT_UPCOMING_FEATURE_MEMBER_IMPORT_VISIBILITY = YES;
				SWIFT_VERSION = 5.0;
			};
			name = Release;
		};
/* End XCBuildConfiguration section */

/* Begin XCConfigurationList section */
		238A869F0E80A6D189CA4B89 /* Build configuration list for PBXNativeTarget "VoxNotchTests" */ = {
			isa = XCConfigurationList;
			buildConfigurations = (
				3FB19D8E2EA96C04266C7BEA /* Release */,
				1BDE83C40954331C22E953C1 /* Debug */,
			);
			defaultConfigurationIsVisible = 0;
			defaultConfigurationName = Release;
		};
		5A9232052F24CD3300DC619E /* Build configuration list for PBXProject "VoxNotch" */ = {
			isa = XCConfigurationList;
			buildConfigurations = (
				5A9232292F24CD3500DC619E /* Debug */,
				5A92322A2F24CD3500DC619E /* Release */,
			);
			defaultConfigurationIsVisible = 0;
			defaultConfigurationName = Release;
		};
		5A92322B2F24CD3500DC619E /* Build configuration list for PBXNativeTarget "VoxNotch" */ = {
			isa = XCConfigurationList;
			buildConfigurations = (
				5A92322C2F24CD3500DC619E /* Debug */,
				5A92322D2F24CD3500DC619E /* Release */,
			);
			defaultConfigurationIsVisible = 0;
			defaultConfigurationName = Release;
		};
/* End XCConfigurationList section */

/* Begin XCRemoteSwiftPackageReference section */
		5A12F9E52F50297400E313C7 /* XCRemoteSwiftPackageReference "mlx-audio-swift" */ = {
			isa = XCRemoteSwiftPackageReference;
			repositoryURL = "https://github.com/Blaizzy/mlx-audio-swift.git";
			requirement = {
				branch = main;
				kind = branch;
			};
		};
		5A9232402F24CD3500DC619E /* XCRemoteSwiftPackageReference "GRDB" */ = {
			isa = XCRemoteSwiftPackageReference;
			repositoryURL = "https://github.com/groue/GRDB.swift";
			requirement = {
				kind = upToNextMajorVersion;
				minimumVersion = 7.0.0;
			};
		};
		5A9232502F24CD3500DC619E /* XCRemoteSwiftPackageReference "FluidAudio" */ = {
			isa = XCRemoteSwiftPackageReference;
			repositoryURL = "https://github.com/FluidInference/FluidAudio";
			requirement = {
				revision = b68f484789d81fda21efbf81e2ca9fcfd9dc22aa;
				kind = revision;
			};
		};
		5A9233622F250A0000DC619E /* XCRemoteSwiftPackageReference "AnyLanguageModel" */ = {
			isa = XCRemoteSwiftPackageReference;
			repositoryURL = "https://github.com/huggingface/AnyLanguageModel";
			requirement = {
				kind = exactVersion;
				version = 0.7.1;
			};
		};
/* End XCRemoteSwiftPackageReference section */

/* Begin XCSwiftPackageProductDependency section */
		5A12F9E62F50297400E313C7 /* MLXAudio */ = {
			isa = XCSwiftPackageProductDependency;
			package = 5A12F9E52F50297400E313C7 /* XCRemoteSwiftPackageReference "mlx-audio-swift" */;
			productName = MLXAudio;
		};
		5A12F9E82F50297400E313C7 /* MLXAudioCore */ = {
			isa = XCSwiftPackageProductDependency;
			package = 5A12F9E52F50297400E313C7 /* XCRemoteSwiftPackageReference "mlx-audio-swift" */;
			productName = MLXAudioCore;
		};
		5A12F9EA2F50297400E313C7 /* MLXAudioSTT */ = {
			isa = XCSwiftPackageProductDependency;
			package = 5A12F9E52F50297400E313C7 /* XCRemoteSwiftPackageReference "mlx-audio-swift" */;
			productName = MLXAudioSTT;
		};
		5A9232412F24CD3500DC619E /* GRDB */ = {
			isa = XCSwiftPackageProductDependency;
			package = 5A9232402F24CD3500DC619E /* XCRemoteSwiftPackageReference "GRDB" */;
			productName = GRDB;
		};
		5A9232512F24CD3500DC619E /* FluidAudio */ = {
			isa = XCSwiftPackageProductDependency;
			package = 5A9232502F24CD3500DC619E /* XCRemoteSwiftPackageReference "FluidAudio" */;
			productName = FluidAudio;
		};
		5A9233612F250A0000DC619E /* AnyLanguageModel */ = {
			isa = XCSwiftPackageProductDependency;
			package = 5A9233622F250A0000DC619E /* XCRemoteSwiftPackageReference "AnyLanguageModel" */;
			productName = AnyLanguageModel;
		};
/* End XCSwiftPackageProductDependency section */
	};
	rootObject = 5A9232022F24CD3300DC619E /* Project object */;
}
